
Microsoft Visual Studio Solution File, Format Version 12.00
# Visual Studio 15
Project("{FAE04EC0-301F-11D3-BF4B-00C04F79EFBC}") = "Assembly-CSharp", "Assembly-CSharp.csproj", "{DD2B41F5-C9AB-DBFE-9EDA-BD732A7D6949}"
EndProject
Project("{FAE04EC0-301F-11D3-BF4B-00C04F79EFBC}") = "Assembly-CSharp-Editor", "Assembly-CSharp-Editor.csproj", "{75B94167-5041-14C7-111F-EC27484A599F}"
EndProject
Global
	GlobalSection(SolutionConfigurationPlatforms) = preSolution
		Debug|Any CPU = Debug|Any CPU
		Release|Any CPU = Release|Any CPU
	EndGlobalSection
	GlobalSection(ProjectConfigurationPlatforms) = postSolution
		{DD2B41F5-C9AB-DBFE-9EDA-BD732A7D6949}.Debug|Any CPU.ActiveCfg = Debug|Any CPU
		{DD2B41F5-C9AB-DBFE-9EDA-BD732A7D6949}.Debug|Any CPU.Build.0 = Debug|Any CPU
		{DD2B41F5-C9AB-DBFE-9EDA-BD732A7D6949}.Release|Any CPU.ActiveCfg = Release|Any CPU
		{DD2B41F5-C9AB-DBFE-9EDA-BD732A7D6949}.Release|Any CPU.Build.0 = Release|Any CPU
		{75B94167-5041-14C7-111F-EC27484A599F}.Debug|Any CPU.ActiveCfg = Debug|Any CPU
		{75B94167-5041-14C7-111F-EC27484A599F}.Debug|Any CPU.Build.0 = Debug|Any CPU
		{75B94167-5041-14C7-111F-EC27484A599F}.Release|Any CPU.ActiveCfg = Release|Any CPU
		{75B94167-5041-14C7-111F-EC27484A599F}.Release|Any CPU.Build.0 = Release|Any CPU
	EndGlobalSection
	GlobalSection(SolutionProperties) = preSolution
		HideSolutionNode = FALSE
	EndGlobalSection
EndGlobal
